// !$*UTF8*$!
{
	archiveVersion = 1;
	classes = {
	};
	objectVersion = 48;
	objects = {

/* Begin PBXBuildFile section */
		1CA05E1820E5EA8200927AF6 /* AppDelegate.swift in Sources */ = {isa = PBXBuildFile; fileRef = 1CA05E1720E5EA8200927AF6 /* AppDelegate.swift */; };
		1CA05E1A20E5EA8200927AF6 /* ViewController.swift in Sources */ = {isa = PBXBuildFile; fileRef = 1CA05E1920E5EA8200927AF6 /* ViewController.swift */; };
		1CA05E1D20E5EA8200927AF6 /* Main.storyboard in Resources */ = {isa = PBXBuildFile; fileRef = 1CA05E1B20E5EA8200927AF6 /* Main.storyboard */; };
		1CA05E1F20E5EA8200927AF6 /* Assets.xcassets in Resources */ = {isa = PBXBuildFile; fileRef = 1CA05E1E20E5EA8200927AF6 /* Assets.xcassets */; };
		1CA05E2220E5EA8200927AF6 /* LaunchScreen.storyboard in Resources */ = {isa = PBXBuildFile; fileRef = 1CA05E2020E5EA8200927AF6 /* LaunchScreen.storyboard */; };
		1CA05E2A20E5F05600927AF6 /* DestinationViewController.swift in Sources */ = {isa = PBXBuildFile; fileRef = 1CA05E2920E5F05600927AF6 /* DestinationViewController.swift */; };
/* End PBXBuildFile section */

/* Begin PBXFileReference section */
		1CA05E1420E5EA8200927AF6 /* ControllersSegues.app */ = {isa = PBXFileReference; explicitFileType = wrapper.application; includeInIndex = 0; path = ControllersSegues.app; sourceTree = BUILT_PRODUCTS_DIR; };
		1CA05E1720E5EA8200927AF6 /* AppDelegate.swift */ = {isa = PBXFileReference; lastKnownFileType = sourcecode.swift; path = AppDelegate.swift; sourceTree = "<group>"; };
		1CA05E1920E5EA8200927AF6 /* ViewController.swift */ = {isa = PBXFileReference; lastKnownFileType = sourcecode.swift; path = ViewController.swift; sourceTree = "<group>"; };
		1CA05E1C20E5EA8200927AF6 /* Base */ = {isa = PBXFileReference; lastKnownFileType = file.storyboard; name = Base; path = Base.lproj/Main.storyboard; sourceTree = "<group>"; };
		1CA05E1E20E5EA8200927AF6 /* Assets.xcassets */ = {isa = PBXFileReference; lastKnownFileType = folder.assetcatalog; path = Assets.xcassets; sourceTree = "<group>"; };
		1CA05E2120E5EA8200927AF6 /* Base */ = {isa = PBXFileReference; lastKnownFileType = file.storyboard; name = Base; path = Base.lproj/LaunchScreen.storyboard; sourceTree = "<group>"; };
		1CA05E2320E5EA8200927AF6 /* Info.plist */ = {isa = PBXFileReference; lastKnownFileType = text.plist.xml; path = Info.plist; sourceTree = "<group>"; };
		1CA05E2920E5F05600927AF6 /* DestinationViewController.swift */ = {isa = PBXFileReference; lastKnownFileType = sourcecode.swift; path = DestinationViewController.swift; sourceTree = "<group>"; };
/* End PBXFileReference section */

/* Begin PBXFrameworksBuildPhase section */
		1CA05E1120E5EA8200927AF6 /* Frameworks */ = {
			isa = PBXFrameworksBuildPhase;
			buildActionMask = 2147483647;
			files = (
			);
			runOnlyForDeploymentPostprocessing = 0;
		};
/* End PBXFrameworksBuildPhase section */

/* Begin PBXGroup section */
		1CA05E0B20E5EA8200927AF6 = {
			isa = PBXGroup;
			children = (
				1CA05E1620E5EA8200927AF6 /* ControllersSegues */,
				1CA05E1520E5EA8200927AF6 /* Products */,
			);
			sourceTree = "<group>";
		};
		1CA05E1520E5EA8200927AF6 /* Products */ = {
			isa = PBXGroup;
			children = (
				1CA05E1420E5EA8200927AF6 /* ControllersSegues.app */,
			);
			name = Products;
			sourceTree = "<group>";
		};
		1CA05E1620E5EA8200927AF6 /* ControllersSegues */ = {
			isa = PBXGroup;
			children = (
				1CA05E1720E5EA8200927AF6 /* AppDelegate.swift */,
				1CA05E1920E5EA8200927AF6 /* ViewController.swift */,
				1CA05E2920E5F05600927AF6 /* DestinationViewController.swift */,
				1CA05E1B20E5EA8200927AF6 /* Main.storyboard */,
				1CA05E1E20E5EA8200927AF6 /* Assets.xcassets */,
				1CA05E2020E5EA8200927AF6 /* LaunchScreen.storyboard */,
				1CA05E2320E5EA8200927AF6 /* Info.plist */,
			);
			path = ControllersSegues;
			sourceTree = "<group>";
		};
/* End PBXGroup section */

/* Begin PBXNativeTarget section */
		1CA05E1320E5EA8200927AF6 /* ControllersSegues */ = {
			isa = PBXNativeTarget;
			buildConfigurationList = 1CA05E2620E5EA8200927AF6 /* Build configuration list for PBXNativeTarget "ControllersSegues" */;
			buildPhases = (
				1CA05E1020E5EA8200927AF6 /* Sources */,
				1CA05E1120E5EA8200927AF6 /* Frameworks */,
				1CA05E1220E5EA8200927AF6 /* Resources */,
			);
			buildRules = (
			);
			dependencies = (
			);
			name = ControllersSegues;
			productName = ControllersSegues;
			productReference = 1CA05E1420E5EA8200927AF6 /* ControllersSegues.app */;
			productType = "com.apple.product-type.application";
		};
/* End PBXNativeTarget section */

/* Begin PBXProject section */
		1CA05E0C20E5EA8200927AF6 /* Project object */ = {
			isa = PBXProject;
			attributes = {
				LastSwiftUpdateCheck = 0900;
				LastUpgradeCheck = 0900;
				ORGANIZATIONNAME = "Aidar Nugmanov";
				TargetAttributes = {
					1CA05E1320E5EA8200927AF6 = {
						CreatedOnToolsVersion = 9.0;
						ProvisioningStyle = Automatic;
					};
				};
			};
			buildConfigurationList = 1CA05E0F20E5EA8200927AF6 /* Build configuration list for PBXProject "ControllersSegues" */;
			compatibilityVersion = "Xcode 8.0";
			developmentRegion = en;
			hasScannedForEncodings = 0;
			knownRegions = (
				en,
				Base,
			);
			mainGroup = 1CA05E0B20E5EA8200927AF6;
			productRefGroup = 1CA05E1520E5EA8200927AF6 /* Products */;
			projectDirPath = "";
			projectRoot = "";
			targets = (
				1CA05E1320E5EA8200927AF6 /* ControllersSegues */,
			);
		};
/* End PBXProject section */

/* Begin PBXResourcesBuildPhase section */
		1CA05E1220E5EA8200927AF6 /* Resources */ = {
			isa = PBXResourcesBuildPhase;
			buildActionMask = 2147483647;
			files = (
				1CA05E2220E5EA8200927AF6 /* LaunchScreen.storyboard in Resources */,
				1CA05E1F20E5EA8200927AF6 /* Assets.xcassets in Resources */,
				1CA05E1D20E5EA8200927AF6 /* Main.storyboard in Resources */,
			);
			runOnlyForDeploymentPostprocessing = 0;
		};
/* End PBXResourcesBuildPhase section */

/* Begin PBXSourcesBuildPhase section */
		1CA05E1020E5EA8200927AF6 /* Sources */ = {
			isa = PBXSourcesBuildPhase;
			buildActionMask = 2147483647;
			files = (
				1CA05E1A20E5EA8200927AF6 /* ViewController.swift in Sources */,
				1CA05E2A20E5F05600927AF6 /* DestinationViewController.swift in Sources */,
				1CA05E1820E5EA8200927AF6 /* AppDelegate.swift in Sources */,
			);
			runOnlyForDeploymentPostprocessing = 0;
		};
/* End PBXSourcesBuildPhase section */

/* Begin PBXVariantGroup section */
		1CA05E1B20E5EA8200927AF6 /* Main.storyboard */ = {
			isa = PBXVariantGroup;
			children = (
				1CA05E1C20E5EA8200927AF6 /* Base */,
			);
			name = Main.storyboard;
			sourceTree = "<group>";
		};
		1CA05E2020E5EA8200927AF6 /* LaunchScreen.storyboard */ = {
			isa = PBXVariantGroup;
			children = (
				1CA05E2120E5EA8200927AF6 /* Base */,
			);
			name = LaunchScreen.storyboard;
			sourceTree = "<group>";
		};
/* End PBXVariantGroup section */

/* Begin XCBuildConfiguration section */
		1CA05E2420E5EA8200927AF6 /* Debug */ = {
			isa = XCBuildConfiguration;
			buildSettings = {
				ALWAYS_SEARCH_USER_PATHS = NO;
				CLANG_ANALYZER_NONNULL = YES;
				CLANG_ANALYZER_NUMBER_OBJECT_CONVERSION = YES_AGGRESSIVE;
				CLANG_CXX_LANGUAGE_STANDARD = "gnu++14";
				CLANG_CXX_LIBRARY = "libc++";
				CLANG_ENABLE_MODULES = YES;
				CLANG_ENABLE_OBJC_ARC = YES;
				CLANG_WARN_BLOCK_CAPTURE_AUTORELEASING = YES;
				CLANG_WARN_BOOL_CONVERSION = YES;
				CLANG_WARN_COMMA = YES;
				CLANG_WARN_CONSTANT_CONVERSION = YES;
				CLANG_WARN_DIRECT_OBJC_ISA_USAGE = YES_ERROR;
				CLANG_WARN_DOCUMENTATION_COMMENTS = YES;
				CLANG_WARN_EMPTY_BODY = YES;
				CLANG_WARN_ENUM_CONVERSION = YES;
				CLANG_WARN_INFINITE_RECURSION = YES;
				CLANG_WARN_INT_CONVERSION = YES;
				CLANG_WARN_NON_LITERAL_NULL_CONVERSION = YES;
				CLANG_WARN_OBJC_LITERAL_CONVERSION = YES;
				CLANG_WARN_OBJC_ROOT_CLASS = YES_ERROR;
				CLANG_WARN_RANGE_LOOP_ANALYSIS = YES;
				CLANG_WARN_STRICT_PROTOTYPES = YES;
				CLANG_WARN_SUSPICIOUS_MOVE = YES;
				CLANG_WARN_UNGUARDED_AVAILABILITY = YES_AGGRESSIVE;
				CLANG_WARN_UNREACHABLE_CODE = YES;
				CLANG_WARN__DUPLICATE_METHOD_MATCH = YES;
				CODE_SIGN_IDENTITY = "iPhone Developer";
				COPY_PHASE_STRIP = NO;
				DEBUG_INFORMATION_FORMAT = dwarf;
				ENABLE_STRICT_OBJC_MSGSEND = YES;
				ENABLE_TESTABILITY = YES;
				GCC_C_LANGUAGE_STANDARD = gnu11;
				GCC_DYNAMIC_NO_PIC = NO;
				GCC_NO_COMMON_BLOCKS = YES;
				GCC_OPTIMIZATION_LEVEL = 0;
				GCC_PREPROCESSOR_DEFINITIONS = (
					"DEBUG=1",
					"$(inherited)",
				);
				GCC_WARN_64_TO_32_BIT_CONVERSION = YES;
				GCC_WARN_ABOUT_RETURN_TYPE = YES_ERROR;
				GCC_WARN_UNDECLARED_SELECTOR = YES;
				GCC_WARN_UNINITIALIZED_AUTOS = YES_AGGRESSIVE;
				GCC_WARN_UNUSED_FUNCTION = YES;
				GCC_WARN_UNUSED_VARIABLE = YES;
				IPHONEOS_DEPLOYMENT_TARGET = 11.0;
				MTL_ENABLE_DEBUG_INFO = YES;
				ONLY_ACTIVE_ARCH = YES;
				SDKROOT = iphoneos;
				SWIFT_ACTIVE_COMPILATION_CONDITIONS = DEBUG;
				SWIFT_OPTIMIZATION_LEVEL = "-Onone";
			};
			name = Debug;
		};
		1CA05E2520E5EA8200927AF6 /* Release */ = {
			isa = XCBuildConfiguration;
			buildSettings = {
				ALWAYS_SEARCH_USER_PATHS = NO;
				CLANG_ANALYZER_NONNULL = YES;
				CLANG_ANALYZER_NUMBER_OBJECT_CONVERSION = YES_AGGRESSIVE;
				CLANG_CXX_LANGUAGE_STANDARD = "gnu++14";
				CLANG_CXX_LIBRARY = "libc++";
				CLANG_ENABLE_MODULES = YES;
				CLANG_ENABLE_OBJC_ARC = YES;
				CLANG_WARN_BLOCK_CAPTURE_AUTORELEASING = YES;
				CLANG_WARN_BOOL_CONVERSION = YES;
				CLANG_WARN_COMMA = YES;
				CLANG_WARN_CONSTANT_CONVERSION = YES;
				CLANG_WARN_DIRECT_OBJC_ISA_USAGE = YES_ERROR;
				CLANG_WARN_DOCUMENTATION_COMMENTS = YES;
				CLANG_WARN_EMPTY_BODY = YES;
				CLANG_WARN_ENUM_CONVERSION = YES;
				CLANG_WARN_INFINITE_RECURSION = YES;
				CLANG_WARN_INT_CONVERSION = YES;
				CLANG_WARN_NON_LITERAL_NULL_CONVERSION = YES;
				CLANG_WARN_OBJC_LITERAL_CONVERSION = YES;
				CLANG_WARN_OBJC_ROOT_CLASS = YES_ERROR;
				CLANG_WARN_RANGE_LOOP_ANALYSIS = YES;
				CLANG_WARN_STRICT_PROTOTYPES = YES;
				CLANG_WARN_SUSPICIOUS_MOVE = YES;
				CLANG_WARN_UNGUARDED_AVAILABILITY = YES_AGGRESSIVE;
				CLANG_WARN_UNREACHABLE_CODE = YES;
				CLANG_WARN__DUPLICATE_METHOD_MATCH = YES;
				CODE_SIGN_IDENTITY = "iPhone Developer";
				COPY_PHASE_STRIP = NO;
				DEBUG_INFORMATION_FORMAT = "dwarf-with-dsym";
				ENABLE_NS_ASSERTIONS = NO;
				ENABLE_STRICT_OBJC_MSGSEND = YES;
				GCC_C_LANGUAGE_STANDARD = gnu11;
				GCC_NO_COMMON_BLOCKS = YES;
				GCC_WARN_64_TO_32_BIT_CONVERSION = YES;
				GCC_WARN_ABOUT_RETURN_TYPE = YES_ERROR;
				GCC_WARN_UNDECLARED_SELECTOR = YES;
				GCC_WARN_UNINITIALIZED_AUTOS = YES_AGGRESSIVE;
				GCC_WARN_UNUSED_FUNCTION = YES;
				GCC_WARN_UNUSED_VARIABLE = YES;
				IPHONEOS_DEPLOYMENT_TARGET = 11.0;
				MTL_ENABLE_DEBUG_INFO = NO;
				SDKROOT = iphoneos;
				SWIFT_OPTIMIZATION_LEVEL = "-Owholemodule";
				VALIDATE_PRODUCT = YES;
			};
			name = Release;
		};
		1CA05E2720E5EA8200927AF6 /* Debug */ = {
			isa = XCBuildConfiguration;
			buildSettings = {
				ASSETCATALOG_COMPILER_APPICON_NAME = AppIcon;
				CODE_SIGN_STYLE = Automatic;
				DEVELOPMENT_TEAM = DN43NAC65F;
				INFOPLIST_FILE = ControllersSegues/Info.plist;
				LD_RUNPATH_SEARCH_PATHS = "$(inherited) @executable_path/Frameworks";
				PRODUCT_BUNDLE_IDENTIFIER = kz.ControllersSegues;
				PRODUCT_NAME = "$(TARGET_NAME)";
				SWIFT_VERSION = 4.0;
				TARGETED_DEVICE_FAMILY = "1,2";
			};
			name = Debug;
		};
		1CA05E2820E5EA8200927AF6 /* Release */ = {
			isa = XCBuildConfiguration;
			buildSettings = {
				ASSETCATALOG_COMPILER_APPICON_NAME = AppIcon;
				CODE_SIGN_STYLE = Automatic;
				DEVELOPMENT_TEAM = DN43NAC65F;
				INFOPLIST_FILE = ControllersSegues/Info.plist;
				LD_RUNPATH_SEARCH_PATHS = "$(inherited) @executable_path/Frameworks";
				PRODUCT_BUNDLE_IDENTIFIER = kz.ControllersSegues;
				PRODUCT_NAME = "$(TARGET_NAME)";
				SWIFT_VERSION = 4.0;
				TARGETED_DEVICE_FAMILY = "1,2";
			};
			name = Release;
		};
/* End XCBuildConfiguration section */

/* Begin XCConfigurationList section */
		1CA05E0F20E5EA8200927AF6 /* Build configuration list for PBXProject "ControllersSegues" */ = {
			isa = XCConfigurationList;
			buildConfigurations = (
				1CA05E2420E5EA8200927AF6 /* Debug */,
				1CA05E2520E5EA8200927AF6 /* Release */,
			);
			defaultConfigurationIsVisible = 0;
			defaultConfigurationName = Release;
		};
		1CA05E2620E5EA8200927AF6 /* Build configuration list for PBXNativeTarget "ControllersSegues" */ = {
			isa = XCConfigurationList;
			buildConfigurations = (
				1CA05E2720E5EA8200927AF6 /* Debug */,
				1CA05E2820E5EA8200927AF6 /* Release */,
			);
			defaultConfigurationIsVisible = 0;
			defaultConfigurationName = Release;
		};
/* End XCConfigurationList section */
	};
	rootObject = 1CA05E0C20E5EA8200927AF6 /* Project object */;
}
